
Microsoft Visual Studio Solution File, Format Version 11.00
# Visual Studio 2010
Project("{FAE04EC0-301F-11D3-BF4B-00C04F79EFBC}") = "MinCuts", "MinCuts\MinCuts.csproj", "{A0B030CF-4D7B-4A85-B2B6-82175F0CB2EA}"
EndProject
Global
	GlobalSection(SolutionConfigurationPlatforms) = preSolution
		Debug|x86 = Debug|x86
		Release|x86 = Release|x86
	EndGlobalSection
	GlobalSection(ProjectConfigurationPlatforms) = postSolution
		{A0B030CF-4D7B-4A85-B2B6-82175F0CB2EA}.Debug|x86.ActiveCfg = Debug|x86
		{A0B030CF-4D7B-4A85-B2B6-82175F0CB2EA}.Debug|x86.Build.0 = Debug|x86
		{A0B030CF-4D7B-4A85-B2B6-82175F0CB2EA}.Release|x86.ActiveCfg = Release|x86
		{A0B030CF-4D7B-4A85-B2B6-82175F0CB2EA}.Release|x86.Build.0 = Release|x86
	EndGlobalSection
	GlobalSection(SolutionProperties) = preSolution
		HideSolutionNode = FALSE
	EndGlobalSection
EndGlobal
